
Microsoft Visual Studio Solution File, Format Version 12.00
# Visual Studio Version 17
VisualStudioVersion = 17.14.36203.30 d17.14
MinimumVisualStudioVersion = 10.0.40219.1
Project("{FAE04EC0-301F-11D3-BF4B-00C04F79EFBC}") = "Taller1_moviles", "Taller1_moviles\Taller1_moviles.csproj", "{42D160BE-B873-4DCD-B34B-B3B5EDD49945}"
EndProject
Global
	GlobalSection(SolutionConfigurationPlatforms) = preSolution
		Debug|Any CPU = Debug|Any CPU
		Release|Any CPU = Release|Any CPU
	EndGlobalSection
	GlobalSection(ProjectConfigurationPlatforms) = postSolution
		{42D160BE-B873-4DCD-B34B-B3B5EDD49945}.Debug|Any CPU.ActiveCfg = Debug|Any CPU
		{42D160BE-B873-4DCD-B34B-B3B5EDD49945}.Debug|Any CPU.Build.0 = Debug|Any CPU
		{42D160BE-B873-4DCD-B34B-B3B5EDD49945}.Release|Any CPU.ActiveCfg = Release|Any CPU
		{42D160BE-B873-4DCD-B34B-B3B5EDD49945}.Release|Any CPU.Build.0 = Release|Any CPU
	EndGlobalSection
	GlobalSection(SolutionProperties) = preSolution
		HideSolutionNode = FALSE
	EndGlobalSection
	GlobalSection(ExtensibilityGlobals) = postSolution
		SolutionGuid = {2D4D5858-0294-46B8-A695-2EB60583C1DA}
	EndGlobalSection
EndGlobal
